{
    "_readme": [
        "This file locks the dependencies of your project to a known state",
        "Read more about it at https://getcomposer.org/doc/01-basic-usage.md#installing-dependencies",
        "This file is @generated automatically"
    ],
    "content-hash": "ca473be34a2f07a80c9f8bd48f2efda7",
    "packages": [
        {
            "name": "composer/installers",
            "version": "v1.9.0",
            "source": {
                "type": "git",
                "url": "https://github.com/composer/installers.git",
                "reference": "b93bcf0fa1fccb0b7d176b0967d969691cd74cca"
            },
            "dist": {
                "type": "zip",
                "url": "https://api.github.com/repos/composer/installers/zipball/b93bcf0fa1fccb0b7d176b0967d969691cd74cca",
                "reference": "b93bcf0fa1fccb0b7d176b0967d969691cd74cca",
                "shasum": ""
            },
            "require": {
                "composer-plugin-api": "^1.0 || ^2.0"
            },
            "replace": {
                "roundcube/plugin-installer": "*",
                "shama/baton": "*"
            },
            "require-dev": {
                "composer/composer": "1.6.* || 2.0.*@dev",
                "composer/semver": "1.0.* || 2.0.*@dev",
                "phpunit/phpunit": "^4.8.36",
                "sebastian/comparator": "^1.2.4",
                "symfony/process": "^2.3"
            },
            "type": "composer-plugin",
            "extra": {
                "class": "Composer\\Installers\\Plugin",
                "branch-alias": {
                    "dev-master": "1.0-dev"
                }
            },
            "autoload": {
                "psr-4": {
                    "Composer\\Installers\\": "src/Composer/Installers"
                }
            },
            "notification-url": "https://packagist.org/downloads/",
            "license": [
                "MIT"
            ],
            "authors": [
                {
                    "name": "Kyle Robinson Young",
                    "email": "kyle@dontkry.com",
                    "homepage": "https://github.com/shama"
                }
            ],
            "description": "A multi-framework Composer library installer",
            "homepage": "https://composer.github.io/installers/",
            "keywords": [
                "Craft",
                "Dolibarr",
                "Eliasis",
                "Hurad",
                "ImageCMS",
                "Kanboard",
                "Lan Management System",
                "MODX Evo",
                "MantisBT",
                "Mautic",
                "Maya",
                "OXID",
                "Plentymarkets",
                "Porto",
                "RadPHP",
                "SMF",
                "Thelia",
                "Whmcs",
                "WolfCMS",
                "agl",
                "aimeos",
                "annotatecms",
                "attogram",
                "bitrix",
                "cakephp",
                "chef",
                "cockpit",
                "codeigniter",
                "concrete5",
                "croogo",
                "dokuwiki",
                "drupal",
                "eZ Platform",
                "elgg",
                "expressionengine",
                "fuelphp",
                "grav",
                "installer",
                "itop",
                "joomla",
                "known",
                "kohana",
                "laravel",
                "lavalite",
                "lithium",
                "magento",
                "majima",
                "mako",
                "mediawiki",
                "modulework",
                "modx",
                "moodle",
                "osclass",
                "phpbb",
                "piwik",
                "ppi",
                "puppet",
                "pxcms",
                "reindex",
                "roundcube",
                "shopware",
                "silverstripe",
                "sydes",
                "sylius",
                "symfony",
                "typo3",
                "wordpress",
                "yawik",
                "zend",
                "zikula"
            ],
            "time": "2020-04-07T06:57:05+00:00"
        },
        {
            "name": "defuse/php-encryption",
            "version": "v2.2.1",
            "source": {
                "type": "git",
                "url": "https://github.com/defuse/php-encryption.git",
                "reference": "0f407c43b953d571421e0020ba92082ed5fb7620"
            },
            "dist": {
                "type": "zip",
                "url": "https://api.github.com/repos/defuse/php-encryption/zipball/0f407c43b953d571421e0020ba92082ed5fb7620",
                "reference": "0f407c43b953d571421e0020ba92082ed5fb7620",
                "shasum": ""
            },
            "require": {
                "ext-openssl": "*",
                "paragonie/random_compat": ">= 2",
                "php": ">=5.4.0"
            },
            "require-dev": {
                "nikic/php-parser": "^2.0|^3.0|^4.0",
                "phpunit/phpunit": "^4|^5"
            },
            "bin": [
                "bin/generate-defuse-key"
            ],
            "type": "library",
            "autoload": {
                "psr-4": {
                    "Defuse\\Crypto\\": "src"
                }
            },
            "notification-url": "https://packagist.org/downloads/",
            "license": [
                "MIT"
            ],
            "authors": [
                {
                    "name": "Taylor Hornby",
                    "email": "taylor@defuse.ca",
                    "homepage": "https://defuse.ca/"
                },
                {
                    "name": "Scott Arciszewski",
                    "email": "info@paragonie.com",
                    "homepage": "https://paragonie.com"
                }
            ],
            "description": "Secure PHP Encryption Library",
            "keywords": [
                "aes",
                "authenticated encryption",
                "cipher",
                "crypto",
                "cryptography",
                "encrypt",
                "encryption",
                "openssl",
                "security",
                "symmetric key cryptography"
            ],
            "time": "2018-07-24T23:27:56+00:00"
        },
        {
            "name": "ericmann/sessionz",
            "version": "0.3.1",
            "source": {
                "type": "git",
                "url": "https://github.com/ericmann/sessionz.git",
                "reference": "b1a278c54aa13035ed0ca0c297fb117d04036d9b"
            },
            "dist": {
                "type": "zip",
                "url": "https://api.github.com/repos/ericmann/sessionz/zipball/b1a278c54aa13035ed0ca0c297fb117d04036d9b",
                "reference": "b1a278c54aa13035ed0ca0c297fb117d04036d9b",
                "shasum": ""
            },
            "require": {
                "defuse/php-encryption": "^2.0",
                "php": ">=5.6"
            },
            "require-dev": {
                "phpunit/phpunit": "^5.6",
                "satooshi/php-coveralls": "^1.0"
            },
            "type": "library",
            "autoload": {
                "psr-4": {
                    "EAMann\\Sessionz\\": "php/"
                }
            },
            "notification-url": "https://packagist.org/downloads/",
            "license": [
                "MIT"
            ],
            "authors": [
                {
                    "name": "Eric Mann",
                    "email": "eric@eamann.com"
                }
            ],
            "description": "PHP Session Manager Interface",
            "time": "2018-01-16T15:06:12+00:00"
        },
        {
            "name": "paragonie/random_compat",
            "version": "dev-master",
            "source": {
                "type": "git",
                "url": "https://github.com/paragonie/random_compat.git",
                "reference": "51813fbc2dc6a9ea8b3ae1d97a688532768e3bc4"
            },
            "dist": {
                "type": "zip",
                "url": "https://api.github.com/repos/paragonie/random_compat/zipball/51813fbc2dc6a9ea8b3ae1d97a688532768e3bc4",
                "reference": "51813fbc2dc6a9ea8b3ae1d97a688532768e3bc4",
                "shasum": ""
            },
            "require": {
                "php": ">=5.2.0"
            },
            "require-dev": {
                "phpunit/phpunit": "4.*|5.*"
            },
            "suggest": {
                "ext-libsodium": "Provides a modern crypto API that can be used to generate random bytes."
            },
            "type": "library",
            "autoload": {
                "files": [
                    "lib/random.php"
                ]
            },
            "notification-url": "https://packagist.org/downloads/",
            "license": [
                "MIT"
            ],
            "authors": [
                {
                    "name": "Paragon Initiative Enterprises",
                    "email": "security@paragonie.com",
                    "homepage": "https://paragonie.com"
                }
            ],
            "description": "PHP 5.x polyfill for random_bytes() and random_int() from PHP 7",
            "keywords": [
                "csprng",
                "polyfill",
                "pseudorandom",
                "random"
            ],
            "time": "2019-10-18T21:30:25+00:00"
        }
    ],
    "packages-dev": [],
    "aliases": [],
    "minimum-stability": "dev",
    "stability-flags": [],
    "prefer-stable": false,
    "prefer-lowest": false,
    "platform": {
        "php": ">=7.1"
    },
    "platform-dev": []
}
